Microsoft Visual Studio Solution File, Format Version 12.00
# Visual Studio Version 17
VisualStudioVersion = 17.5.2.0
MinimumVisualStudioVersion = 10.0.40219.1
Project("{FAE04EC0-301F-11D3-BF4B-00C04F79EFBC}") = "MAHLE.SystemMonitor", "MAHLE.SystemMonitor\MAHLE.SystemMonitor.csproj", "{4FEF97EA-00C2-4DE1-7228-D88374B26DB9}"
EndProject
Global
	GlobalSection(SolutionConfigurationPlatforms) = preSolution
		Debug|Any CPU = Debug|Any CPU
		Release|Any CPU = Release|Any CPU
	EndGlobalSection
	GlobalSection(ProjectConfigurationPlatforms) = postSolution
		{4FEF97EA-00C2-4DE1-7228-D88374B26DB9}.Debug|Any CPU.ActiveCfg = Debug|Any CPU
		{4FEF97EA-00C2-4DE1-7228-D88374B26DB9}.Debug|Any CPU.Build.0 = Debug|Any CPU
		{4FEF97EA-00C2-4DE1-7228-D88374B26DB9}.Release|Any CPU.ActiveCfg = Release|Any CPU
		{4FEF97EA-00C2-4DE1-7228-D88374B26DB9}.Release|Any CPU.Build.0 = Release|Any CPU
	EndGlobalSection
	GlobalSection(SolutionProperties) = preSolution
		HideSolutionNode = FALSE
	EndGlobalSection
	GlobalSection(ExtensibilityGlobals) = postSolution
		SolutionGuid = {5C273A86-05E7-4BE0-9B38-1044E5503FC0}
	EndGlobalSection
EndGlobal
